
Microsoft Visual Studio Solution File, Format Version 12.00
# Visual Studio Version 17
VisualStudioVersion = 17.2.32630.192
MinimumVisualStudioVersion = 10.0.40219.1
Project("{FAE04EC0-301F-11D3-BF4B-00C04F79EFBC}") = "Mk3GUI", "Mk3GUI\Mk3GUI.csproj", "{5DCFDBF5-806F-46FB-BBF3-57D2438EFBD9}"
EndProject
Global
	GlobalSection(SolutionConfigurationPlatforms) = preSolution
		Debug|Any CPU = Debug|Any CPU
		Release|Any CPU = Release|Any CPU
	EndGlobalSection
	GlobalSection(ProjectConfigurationPlatforms) = postSolution
		{5DCFDBF5-806F-46FB-BBF3-57D2438EFBD9}.Debug|Any CPU.ActiveCfg = Debug|Any CPU
		{5DCFDBF5-806F-46FB-BBF3-57D2438EFBD9}.Debug|Any CPU.Build.0 = Debug|Any CPU
		{5DCFDBF5-806F-46FB-BBF3-57D2438EFBD9}.Release|Any CPU.ActiveCfg = Release|Any CPU
		{5DCFDBF5-806F-46FB-BBF3-57D2438EFBD9}.Release|Any CPU.Build.0 = Release|Any CPU
	EndGlobalSection
	GlobalSection(SolutionProperties) = preSolution
		HideSolutionNode = FALSE
	EndGlobalSection
	GlobalSection(ExtensibilityGlobals) = postSolution
		SolutionGuid = {03973F72-4BA0-4BFF-874D-68CC68923D9B}
	EndGlobalSection
EndGlobal
